
Microsoft Visual Studio Solution File, Format Version 12.00
# Visual Studio 15
VisualStudioVersion = 15.0.28010.2003
MinimumVisualStudioVersion = 10.0.40219.1
Project("{FAE04EC0-301F-11D3-BF4B-00C04F79EFBC}") = "gotocommonswitchcase", "gotocommonswitchcase\gotocommonswitchcase.csproj", "{7FB7F30D-562E-446F-A6B0-5FDBA8F7ECC4}"
EndProject
Global
	GlobalSection(SolutionConfigurationPlatforms) = preSolution
		Debug|Any CPU = Debug|Any CPU
		Release|Any CPU = Release|Any CPU
	EndGlobalSection
	GlobalSection(ProjectConfigurationPlatforms) = postSolution
		{7FB7F30D-562E-446F-A6B0-5FDBA8F7ECC4}.Debug|Any CPU.ActiveCfg = Debug|Any CPU
		{7FB7F30D-562E-446F-A6B0-5FDBA8F7ECC4}.Debug|Any CPU.Build.0 = Debug|Any CPU
		{7FB7F30D-562E-446F-A6B0-5FDBA8F7ECC4}.Release|Any CPU.ActiveCfg = Release|Any CPU
		{7FB7F30D-562E-446F-A6B0-5FDBA8F7ECC4}.Release|Any CPU.Build.0 = Release|Any CPU
	EndGlobalSection
	GlobalSection(SolutionProperties) = preSolution
		HideSolutionNode = FALSE
	EndGlobalSection
	GlobalSection(ExtensibilityGlobals) = postSolution
		SolutionGuid = {50DF1902-6BA7-4013-9F26-3D505537339D}
	EndGlobalSection
EndGlobal
